{
  "version": "4",
  "specifiers": {
    "npm:@hono/valibot-validator@~0.5.1": "0.5.1_hono@4.6.12_valibot@1.0.0-beta.9",
    "npm:@scalar/hono-api-reference@~0.5.162": "0.5.162_hono@4.6.12",
    "npm:@valibot/to-json-schema@^1.0.0-beta.3": "1.0.0-beta.3_valibot@1.0.0-beta.9",
    "npm:hono-openapi@~0.2.1": "0.2.1_arktype@2.0.0-rc.25_hono@4.6.12_@sinclair+typebox@0.34.9_valibot@1.0.0-beta.9_zod@3.23.8",
    "npm:hono@^4.6.12": "4.6.12",
    "npm:valibot@^1.0.0-beta.9": "1.0.0-beta.9"
  },
  "npm": {
    "@apidevtools/json-schema-ref-parser@11.7.2": {
      "integrity": "sha512-4gY54eEGEstClvEkGnwVkTkrx0sqwemEFG5OSRRn3tD91XH0+Q8XIkYIfo7IwEWPpJZwILb9GUXeShtplRc/eA==",
      "dependencies": [
        "@jsdevtools/ono",
        "@types/json-schema",
        "js-yaml"
      ]
    },
    "@ark/schema@0.25.0": {
      "integrity": "sha512-1Air2M9Je8C/4+YNhJ1QPkoFbERX3PhulDVNW1RmpOpyUjUSM5lcuuyq357jp3a7+M3a5RV2PNdI1XZ/ah8l8Q==",
      "dependencies": [
        "@ark/util"
      ]
    },
    "@ark/util@0.25.0": {
      "integrity": "sha512-yo2Me+tYnmr6E0E3maZzu643/rL07oR25yBHkH24gllssqYcd6EPCvZE23GEKgbk0iac9J73GlJ9pkgZj43Q2g=="
    },
    "@hono/arktype-validator@2.0.0_arktype@2.0.0-rc.25_hono@4.6.12": {
      "integrity": "sha512-ICNZrK6Qcw6gyPfW53ONXI4JomRcks0fQhqzn9EWsfr6nlL6BNXQ96vIgVDU8qimcbJ2m3GJFAqgzOvWbZk3jw==",
      "dependencies": [
        "arktype",
        "hono"
      ]
    },
    "@hono/typebox-validator@0.2.6_@sinclair+typebox@0.34.9_hono@4.6.12": {
      "integrity": "sha512-x+Q7RWiw6rJmJs7MDgtvRbS7ViXXEzqimC0duY4or7y1f89f5Z3KCQSdUSVka+Uv0HZ/O0ZNt+ixNDxfJLi4hA==",
      "dependencies": [
        "@sinclair/typebox",
        "hono"
      ]
    },
    "@hono/valibot-validator@0.5.1_hono@4.6.12_valibot@1.0.0-beta.9": {
      "integrity": "sha512-TXNFh1jofWNCX9sOX2gyw6qCXuAKr4yk//hOf9Lc8vcdIhQXTRQY6RPkKwL/14EldoIngkLj3iMHTXXhjgMCWg==",
      "dependencies": [
        "hono",
        "valibot"
      ]
    },
    "@hono/zod-validator@0.4.1_hono@4.6.12_zod@3.23.8": {
      "integrity": "sha512-I8LyfeJfvVmC5hPjZ2Iij7RjexlgSBT7QJudZ4JvNPLxn0JQ3sqclz2zydlwISAnw21D2n4LQ0nfZdoiv9fQQA==",
      "dependencies": [
        "hono",
        "zod"
      ]
    },
    "@jsdevtools/ono@7.1.3": {
      "integrity": "sha512-4JQNk+3mVzK3xh2rqd6RB4J46qUR19azEHBneZyTZM+c456qOrbbM/5xcR8huNCCcbVt7+UmizG6GuUvPvKUYg=="
    },
    "@scalar/hono-api-reference@0.5.162_hono@4.6.12": {
      "integrity": "sha512-WoC6lLXLYSB6OxDuybtYe+5/EdU0M33DPsknjRsOImp+L6Qn64OZvKwyf7033rEHWvqqpwvEB9r+2zZ4F6KhoQ==",
      "dependencies": [
        "@scalar/types",
        "hono"
      ]
    },
    "@scalar/openapi-types@0.1.5": {
      "integrity": "sha512-6geH9ehvQ/sG/xUyy3e0lyOw3BaY5s6nn22wHjEJhcobdmWyFER0O6m7AU0ZN4QTjle/gYvFJOjj552l/rsNSw=="
    },
    "@scalar/types@0.0.22": {
      "integrity": "sha512-+S1flivP58p2uiHM4dU5ZaAb20wbVcP0nV39KWoVjijvHDx1HWtAGg+PaDXRCRj2zM4QzBeg4olaso20Tm26fQ==",
      "dependencies": [
        "@scalar/openapi-types",
        "@unhead/schema"
      ]
    },
    "@sinclair/typebox@0.34.9": {
      "integrity": "sha512-KTuEZ4UHIp8rNgbLrsQwmGo4cCVj/AHPG3DsI1VvfzudG8dzpZNCV4qm4NWfYY02ReB5INVyuq6xGrl3Ks8vAQ=="
    },
    "@types/json-schema@7.0.15": {
      "integrity": "sha512-5+fP8P8MFNC+AyZCDxrB2pkZFPGzqQWUzpSeuuVLvm8VMcorNYavBqoFcxK8bQz4Qsbn4oUEEem4wDLfcysGHA=="
    },
    "@unhead/schema@1.11.13": {
      "integrity": "sha512-fIpQx6GCpl99l4qJXsPqkXxO7suMccuLADbhaMSkeXnVEi4ZIle+l+Ri0z+GHAEpJj17FMaQdO5n9FMSOMUxkw==",
      "dependencies": [
        "hookable",
        "zhead"
      ]
    },
    "@valibot/to-json-schema@1.0.0-beta.3_valibot@1.0.0-beta.9": {
      "integrity": "sha512-20XQh1u5sOLwS3NOB7oHCo3clQ9h4GlavXgLKMux2PYpHowb7P97cND0dg8T3+fE1WoKVACcLppvzAPpSx0F+Q==",
      "dependencies": [
        "valibot"
      ]
    },
    "argparse@2.0.1": {
      "integrity": "sha512-8+9WqebbFzpX9OR+Wa6O29asIogeRMzcGtAINdpMHHyAg10f05aSFVBbcEqGf/PXw1EjAZ+q2/bEBg3DvurK3Q=="
    },
    "arktype@2.0.0-rc.25": {
      "integrity": "sha512-ck1kRLda55Pv6L3vIIjRb6A22LqUcjitxPGS3OscOKwFcxNReaj+ItJJiysebBbbUy+ESouXTJ+vvck33spGDQ==",
      "dependencies": [
        "@ark/schema",
        "@ark/util"
      ]
    },
    "clone@2.1.2": {
      "integrity": "sha512-3Pe/CF1Nn94hyhIYpjtiLhdCoEoz0DqQ+988E9gmeEdQZlojxnOb74wctFyuwWQHzqyf9X7C7MG8juUpqBJT8w=="
    },
    "hono-openapi@0.2.1_arktype@2.0.0-rc.25_hono@4.6.12_@sinclair+typebox@0.34.9_valibot@1.0.0-beta.9_zod@3.23.8": {
      "integrity": "sha512-UMvo8c9Mlms17kUMe5KIr+uZgulpZ6PhAKC6/yPywhH3Ih/hFi1bAxmt8iMrUc6Rl5Neh/QQYnMSAZBwkfF0Gw==",
      "dependencies": [
        "@hono/arktype-validator",
        "@hono/typebox-validator",
        "@hono/valibot-validator",
        "@hono/zod-validator",
        "@sinclair/typebox",
        "@valibot/to-json-schema",
        "arktype",
        "hono",
        "json-schema-walker",
        "openapi-types",
        "valibot",
        "zod",
        "zod-openapi"
      ]
    },
    "hono@4.6.12": {
      "integrity": "sha512-eHtf4kSDNw6VVrdbd5IQi16r22m3s7mWPLd7xOMhg1a/Yyb1A0qpUFq8xYMX4FMuDe1nTKeMX5rTx7Nmw+a+Ag=="
    },
    "hookable@5.5.3": {
      "integrity": "sha512-Yc+BQe8SvoXH1643Qez1zqLRmbA5rCL+sSmk6TVos0LWVfNIB7PGncdlId77WzLGSIB5KaWgTaNTs2lNVEI6VQ=="
    },
    "js-yaml@4.1.0": {
      "integrity": "sha512-wpxZs9NoxZaJESJGIZTyDEaYpl0FKSA+FB9aJiyemKhMwkxQg63h4T1KJgUGHpTqPDNRcmmYLugrRjJlBtWvRA==",
      "dependencies": [
        "argparse"
      ]
    },
    "json-schema-walker@2.0.0": {
      "integrity": "sha512-nXN2cMky0Iw7Af28w061hmxaPDaML5/bQD9nwm1lOoIKEGjHcRGxqWe4MfrkYThYAPjSUhmsp4bJNoLAyVn9Xw==",
      "dependencies": [
        "@apidevtools/json-schema-ref-parser",
        "clone"
      ]
    },
    "openapi-types@12.1.3": {
      "integrity": "sha512-N4YtSYJqghVu4iek2ZUvcN/0aqH1kRDuNqzcycDxhOUpg7GdvLa2F3DgS6yBNhInhv2r/6I0Flkn7CqL8+nIcw=="
    },
    "valibot@1.0.0-beta.9": {
      "integrity": "sha512-yEX8gMAZ2R1yI2uwOO4NCtVnJQx36zn3vD0omzzj9FhcoblvPukENIiRZXKZwCnqSeV80bMm8wNiGhQ0S8fiww=="
    },
    "zhead@2.2.4": {
      "integrity": "sha512-8F0OI5dpWIA5IGG5NHUg9staDwz/ZPxZtvGVf01j7vHqSyZ0raHY+78atOVxRqb73AotX22uV1pXt3gYSstGag=="
    },
    "zod-openapi@4.1.0_zod@3.23.8": {
      "integrity": "sha512-bRCwRYhEO9CmFLyKgJX8h6j1dRtRiwOe+TLzMVPyV0pRW5vRIgb1rLgIGcuRZ5z3MmSVrZqbv3yva4IJrtZK4g==",
      "dependencies": [
        "zod"
      ]
    },
    "zod@3.23.8": {
      "integrity": "sha512-XBx9AXhXktjUqnepgTiE5flcKIYWi/rme0Eaj+5Y0lftuGBq+jyRu/md4WnuxqgP1ubdpNCsYEYPxrzVHD8d6g=="
    }
  },
  "workspace": {
    "dependencies": [
      "npm:@hono/valibot-validator@~0.5.1",
      "npm:@scalar/hono-api-reference@~0.5.162",
      "npm:@valibot/to-json-schema@^1.0.0-beta.3",
      "npm:hono-openapi@~0.2.1",
      "npm:hono@^4.6.12",
      "npm:valibot@^1.0.0-beta.9"
    ]
  }
}
